{
  "version": 4,
  "terraform_version": "1.0.5",
  "serial": 100,
  "lineage": "bef732e1-5559-5604-4225-77e187e2549a",
  "outputs": {
    "client_id": {
      "value": "83a185e9-b3fa-424a-9cec-c77b2885149e",
      "type": "string"
    },
    "new_user": {
      "value": {
        "id": "AKIAY2XSTIMWH66EPR7X",
        "secret": "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"
      },
      "type": [
        "object",
        {
          "id": "string",
          "secret": "string"
        }
      ],
      "sensitive": true
    },
    "storage-account-name": {
      "value": "edctutorialstorage",
      "type": "string"
    },
    "storage-container-name": {
      "value": "src-container",
      "type": "string"
    },
    "tenant-id": {
      "value": "1d9b26d0-b6ea-4495-97d3-e85ccf73a154",
      "type": "string"
    },
    "vault-name": {
      "value": "edctutorial-vault",
      "type": "string"
    }
  },
  "resources": [
    {
      "mode": "data",
      "type": "azurerm_client_config",
      "name": "current",
      "provider": "provider[\"registry.terraform.io/hashicorp/azurerm\"]",
      "instances": [
        {
          "schema_version": 0,
          "attributes": {
            "client_id": "09f56aa5-ef43-4d02-b7e8-686f2de027dd",
            "id": "2021-09-08 08:22:48.255647632 +0000 UTC",
            "object_id": "d315cbc4-c9d3-4146-b0b7-0c7f08bc7c04",
            "subscription_id": "5beb4845-6555-4390-9684-5dc59ab3d069",
            "tenant_id": "1d9b26d0-b6ea-4495-97d3-e85ccf73a154",
            "timeouts": null
          },
          "sensitive_attributes": []
        }
      ]
    },
    {
      "mode": "data",
      "type": "azurerm_subscription",
      "name": "primary",
      "provider": "provider[\"registry.terraform.io/hashicorp/azurerm\"]",
      "instances": [
        {
          "schema_version": 0,
          "attributes": {
            "display_name": "GaiaX Development",
            "id": "/subscriptions/5beb4845-6555-4390-9684-5dc59ab3d069",
            "location_placement_id": "Public_2014-09-01",
            "quota_id": "PayAsYouGo_2014-09-01",
            "spending_limit": "Off",
            "state": "Enabled",
            "subscription_id": "5beb4845-6555-4390-9684-5dc59ab3d069",
            "tags": {},
            "tenant_id": "1d9b26d0-b6ea-4495-97d3-e85ccf73a154",
            "timeouts": null
          },
          "sensitive_attributes": []
        }
      ]
    },
    {
      "mode": "managed",
      "type": "aws_iam_access_key",
      "name": "access_key",
      "provider": "provider[\"registry.terraform.io/hashicorp/aws\"]",
      "instances": [
        {
          "schema_version": 0,
          "attributes": {
            "create_date": "2021-09-08T08:16:03Z",
            "encrypted_secret": null,
            "id": "AKIAY2XSTIMWH66EPR7X",
            "key_fingerprint": null,
            "pgp_key": null,
            "secret": "gX7lspsoJ8xc6ibZwx5Vz3FLoOhvnyt2PNPpHcCK",
            "ses_smtp_password_v4": "BNRlYsAInDcATxHhq4nFq/m29l9/E6GgICJPer20bxhp",
            "status": "Active",
            "user": "edctutorial-aws-user"
          },
          "sensitive_attributes": [],
          "private": "bnVsbA==",
          "dependencies": [
            "aws_iam_user.user"
          ]
        }
      ]
    },
    {
      "mode": "managed",
      "type": "aws_iam_user",
      "name": "user",
      "provider": "provider[\"registry.terraform.io/hashicorp/aws\"]",
      "instances": [
        {
          "schema_version": 0,
          "attributes": {
            "arn": "arn:aws:iam::607172903724:user/edctutorial-aws-user",
            "force_destroy": true,
            "id": "edctutorial-aws-user",
            "name": "edctutorial-aws-user",
            "path": "/",
            "permissions_boundary": null,
            "tags": {},
            "tags_all": {},
            "unique_id": "AIDAY2XSTIMWK63VLXBTB"
          },
          "sensitive_attributes": [],
          "private": "bnVsbA=="
        }
      ]
    },
    {
      "mode": "managed",
      "type": "aws_iam_user_policy_attachment",
      "name": "iamfullaccess",
      "provider": "provider[\"registry.terraform.io/hashicorp/aws\"]",
      "instances": [
        {
          "schema_version": 0,
          "attributes": {
            "id": "edctutorial-aws-user-20210908081557993900000002",
            "policy_arn": "arn:aws:iam::aws:policy/IAMFullAccess",
            "user": "edctutorial-aws-user"
          },
          "sensitive_attributes": [],
          "private": "bnVsbA==",
          "dependencies": [
            "aws_iam_user.user"
          ]
        }
      ]
    },
    {
      "mode": "managed",
      "type": "aws_iam_user_policy_attachment",
      "name": "s3fullaccess",
      "provider": "provider[\"registry.terraform.io/hashicorp/aws\"]",
      "instances": [
        {
          "schema_version": 0,
          "attributes": {
            "id": "edctutorial-aws-user-20210908081557970700000001",
            "policy_arn": "arn:aws:iam::aws:policy/AmazonS3FullAccess",
            "user": "edctutorial-aws-user"
          },
          "sensitive_attributes": [],
          "private": "bnVsbA==",
          "dependencies": [
            "aws_iam_user.user"
          ]
        }
      ]
    },
    {
      "mode": "managed",
      "type": "aws_s3_bucket",
      "name": "src-bucket",
      "provider": "provider[\"registry.terraform.io/hashicorp/aws\"]",
      "instances": [
        {
          "schema_version": 0,
          "attributes": {
            "acceleration_status": "",
            "acl": "private",
            "arn": "arn:aws:s3:::edctutorial-src-bucket",
            "bucket": "edctutorial-src-bucket",
            "bucket_domain_name": "edctutorial-src-bucket.s3.amazonaws.com",
            "bucket_prefix": null,
            "bucket_regional_domain_name": "edctutorial-src-bucket.s3.amazonaws.com",
            "cors_rule": [],
            "force_destroy": false,
            "grant": [],
            "hosted_zone_id": "Z3AQBSTGFYJSTF",
            "id": "edctutorial-src-bucket",
            "lifecycle_rule": [],
            "logging": [],
            "object_lock_configuration": [],
            "policy": null,
            "region": "us-east-1",
            "replication_configuration": [],
            "request_payer": "BucketOwner",
            "server_side_encryption_configuration": [],
            "tags": {},
            "tags_all": {},
            "versioning": [
              {
                "enabled": false,
                "mfa_delete": false
              }
            ],
            "website": [],
            "website_domain": null,
            "website_endpoint": null
          },
          "sensitive_attributes": [],
          "private": "bnVsbA=="
        }
      ]
    },
    {
      "mode": "managed",
      "type": "azuread_application",
      "name": "demo-app-id",
      "provider": "provider[\"registry.terraform.io/hashicorp/azuread\"]",
      "instances": [
        {
          "schema_version": 0,
          "attributes": {
            "api": [
              {
                "oauth2_permission_scope": [
                  {
                    "admin_consent_description": "Allow the application to access PrimaryIdentity-edctutorial on behalf of the signed-in user.",
                    "admin_consent_display_name": "Access PrimaryIdentity-edctutorial",
                    "enabled": true,
                    "id": "e4fd54bd-05c1-427b-9cd9-e5aedfa3a255",
                    "type": "User",
                    "user_consent_description": "Allow the application to access PrimaryIdentity-edctutorial on your behalf.",
                    "user_consent_display_name": "Access PrimaryIdentity-edctutorial",
                    "value": "user_impersonation"
                  }
                ]
              }
            ],
            "app_role": [],
            "application_id": "83a185e9-b3fa-424a-9cec-c77b2885149e",
            "available_to_other_tenants": false,
            "display_name": "PrimaryIdentity-edctutorial",
            "fallback_public_client_enabled": false,
            "group_membership_claims": "",
            "homepage": "",
            "id": "b2f69eef-5533-4eb8-9850-81d5a1956c8a",
            "identifier_uris": [],
            "logout_url": "",
            "name": "PrimaryIdentity-edctutorial",
            "oauth2_allow_implicit_flow": false,
            "oauth2_permissions": [
              {
                "admin_consent_description": "Allow the application to access PrimaryIdentity-edctutorial on behalf of the signed-in user.",
                "admin_consent_display_name": "Access PrimaryIdentity-edctutorial",
                "id": "e4fd54bd-05c1-427b-9cd9-e5aedfa3a255",
                "is_enabled": true,
                "type": "User",
                "user_consent_description": "Allow the application to access PrimaryIdentity-edctutorial on your behalf.",
                "user_consent_display_name": "Access PrimaryIdentity-edctutorial",
                "value": "user_impersonation"
              }
            ],
            "object_id": "b2f69eef-5533-4eb8-9850-81d5a1956c8a",
            "optional_claims": [],
            "owners": [
              "d315cbc4-c9d3-4146-b0b7-0c7f08bc7c04"
            ],
            "prevent_duplicate_names": false,
            "public_client": false,
            "reply_urls": [],
            "required_resource_access": [],
            "sign_in_audience": "AzureADMyOrg",
            "timeouts": null,
            "type": "webapp/api",
            "web": [
              {
                "homepage_url": "",
                "implicit_grant": [
                  {
                    "access_token_issuance_enabled": false
                  }
                ],
                "logout_url": "",
                "redirect_uris": []
              }
            ]
          },
          "sensitive_attributes": [],
          "private": "eyJlMmJmYjczMC1lY2FhLTExZTYtOGY4OC0zNDM2M2JjN2M0YzAiOnsiY3JlYXRlIjozMDAwMDAwMDAwMDAsImRlbGV0ZSI6MzAwMDAwMDAwMDAwLCJyZWFkIjozMDAwMDAwMDAwMDAsInVwZGF0ZSI6MzAwMDAwMDAwMDAwfX0="
        }
      ]
    },
    {
      "mode": "managed",
      "type": "azuread_application_certificate",
      "name": "demo-main-identity-cert",
      "provider": "provider[\"registry.terraform.io/hashicorp/azuread\"]",
      "instances": [
        {
          "schema_version": 0,
          "attributes": {
            "application_object_id": "b2f69eef-5533-4eb8-9850-81d5a1956c8a",
            "encoding": "pem",
            "end_date": "2021-12-17T08:16:08Z",
            "end_date_relative": "2400h",
            "id": "b2f69eef-5533-4eb8-9850-81d5a1956c8a/certificate/07a1608d-453e-0635-df66-9f8b00292952",
            "key_id": "07a1608d-453e-0635-df66-9f8b00292952",
            "start_date": "2021-07-21T06:19:11Z",
            "type": "AsymmetricX509Cert",
            "value": "-----BEGIN CERTIFICATE-----\nMIIFWDCCA0ACCQDvWrNLYx1U0jANBgkqhkiG9w0BAQsFADBuMQswCQYDVQQGEwJB\nVDEWMBQGA1UECAwNVXBwZXIgQXVzdHJpYTESMBAGA1UEBwwJRnJlaXN0YWR0MRcw\nFQYDVQQKDA5iZWFyZHlpbmMgZS5VLjEaMBgGA1UEAwwRd3d3LmJlYXJkeWluYy5j\nb20wHhcNMjEwNzIxMDYxOTExWhcNMjMwNzIxMDYxOTExWjBuMQswCQYDVQQGEwJB\nVDEWMBQGA1UECAwNVXBwZXIgQXVzdHJpYTESMBAGA1UEBwwJRnJlaXN0YWR0MRcw\nFQYDVQQKDA5iZWFyZHlpbmMgZS5VLjEaMBgGA1UEAwwRd3d3LmJlYXJkeWluYy5j\nb20wggIiMA0GCSqGSIb3DQEBAQUAA4ICDwAwggIKAoICAQC9G2EezUozWmqmy+wL\n4thwXBuwbVfi2QeyvGrvMMowV6DNSnYxuBDIrR/EiuceL037gVEyXVh05hgLEzx3\nvVgzQ4wFAy5bQ5/3zYwh/0+iZBo9If9jGtVSvLkU1fv0UAwtSpYMqsBPwix8f448\n19WAnRIwITi+XdtrVKTGdajCT4d7tQVP1NkBqS5/znQD/CzuDJ3WQ/6GJIVn/0f4\ngw/LbF6kyF1p7uLy10ZWYcu6CKKki76nEqmQ8NfM8rzjd/riRGl/baReiMD5cZWM\n37IdTVfIOxFW1TdNmC5y84w3T/ROOp31dli3q3JIdIN/tix9snzZP5nwr9NMOs/D\ngTkdDgH4+IWBRE/xyWSmSbTEksOMfiZAMiWTahCtDiJ6/SNdl8coRjWmzZBYIXNj\n9Pv6kFb3qp4v4JVlB575hLWwXePQl1JM38KkPSeEoR1EI3bGyCKYQqs/K0isFPzA\nvQI3PdWQSVebhjHlwLX8zq+w1DEVPtfYdldSHiol4dR2fIYonER/JqGRUkMm2Om0\nqzpD5y1fmzq6uq3dgsysw7KAG4B9jof/UBNC5ZRBZxezAvpyKzuFYUhjMtilftoB\nu476PbLxTNBrjVo9VrfPPp5zr1Vj5eGgFIBeeAgno2b73JYlGcyudwdajeHNdfRC\n3UlAz60+WS5snti/qlfIKm/pQwIDAQABMA0GCSqGSIb3DQEBCwUAA4ICAQBuWmHc\neB43yNorT68UL8h3FH4xUjHVqQ8WHYxgM0ZidH6mv4fg3atmrGGPu2A6Su5h99eY\nZvTUBd6XaQsIrHMsHkCYSCEMYnpir823iGgx90yqDChRR91R1QIq0qWtCdacZkYF\njrc1mMLVDD6InYFjemGOiLs+NXd1LVzEBvpsTUpH4ZvrZYdf3zGf8Jzhv4MLTIGi\ne+01JHszedIirpeCLSyy0sLpVY8Kgz0sQgspVzuGBfOm5pfMiPmQnzQW4BcKcOGH\nx/z/NVweLUek2cyNNU/bN+fE5k/FH/CETARKumH0T0Y3Bc6Gjtxv4/WejCDya8Vs\ne9nOwUiU5VQ2wg/ukhPJ7ePaWwaCGridZEXPkAVfEcr1D8SPH2QwHJzlwCBGAUvf\nu6yYOlJsToJsEERRNpvbCNiQV1c/65REexYKXSnpV6oWrxA91p99xQ1VyOY61TNj\nK1havZFnMK6MakGhX/2PkBtPmEFxK3WQtYPQX2YX8AISyENH2Xp3U2Emmc47ViQt\nngL6ShEWDHKcC4LtcUMrsjXy1ypi/ybbYiV/TqSKPjq1OSm7ucMZFCYPCyCq+9co\nm076riJF4mAkeJCED50p+/ZBqPmlWOPtmevDUfsebfxDSRnMEyMdbdnCh2ghDpTX\nHDB7SMtO8BglI9F61EORwTMCIwKBN8WKyehdeg==\n-----END CERTIFICATE-----"
          },
          "sensitive_attributes": [],
          "private": "bnVsbA==",
          "dependencies": [
            "azuread_application.demo-app-id"
          ]
        }
      ]
    },
    {
      "mode": "managed",
      "type": "azuread_service_principal",
      "name": "main-app-sp",
      "provider": "provider[\"registry.terraform.io/hashicorp/azuread\"]",
      "instances": [
        {
          "schema_version": 0,
          "attributes": {
            "app_role_assignment_required": false,
            "app_roles": [],
            "application_id": "83a185e9-b3fa-424a-9cec-c77b2885149e",
            "display_name": "PrimaryIdentity-edctutorial",
            "id": "6f24c63d-0853-463b-8ed5-e1ffa54f8283",
            "oauth2_permission_scopes": [
              {
                "admin_consent_description": "Allow the application to access PrimaryIdentity-edctutorial on behalf of the signed-in user.",
                "admin_consent_display_name": "Access PrimaryIdentity-edctutorial",
                "enabled": true,
                "id": "e4fd54bd-05c1-427b-9cd9-e5aedfa3a255",
                "type": "User",
                "user_consent_description": "Allow the application to access PrimaryIdentity-edctutorial on your behalf.",
                "user_consent_display_name": "Access PrimaryIdentity-edctutorial",
                "value": "user_impersonation"
              }
            ],
            "oauth2_permissions": [
              {
                "admin_consent_description": "Allow the application to access PrimaryIdentity-edctutorial on behalf of the signed-in user.",
                "admin_consent_display_name": "Access PrimaryIdentity-edctutorial",
                "id": "e4fd54bd-05c1-427b-9cd9-e5aedfa3a255",
                "is_enabled": true,
                "type": "User",
                "user_consent_description": "Allow the application to access PrimaryIdentity-edctutorial on your behalf.",
                "user_consent_display_name": "Access PrimaryIdentity-edctutorial",
                "value": "user_impersonation"
              }
            ],
            "object_id": "6f24c63d-0853-463b-8ed5-e1ffa54f8283",
            "tags": [
              "terraform"
            ]
          },
          "sensitive_attributes": [],
          "private": "bnVsbA==",
          "dependencies": [
            "azuread_application.demo-app-id"
          ]
        }
      ]
    },
    {
      "mode": "managed",
      "type": "azurerm_key_vault",
      "name": "main-vault",
      "provider": "provider[\"registry.terraform.io/hashicorp/azurerm\"]",
      "instances": [
        {
          "schema_version": 2,
          "attributes": {
            "access_policy": [],
            "contact": [],
            "enable_rbac_authorization": true,
            "enabled_for_deployment": false,
            "enabled_for_disk_encryption": false,
            "enabled_for_template_deployment": false,
            "id": "/subscriptions/5beb4845-6555-4390-9684-5dc59ab3d069/resourceGroups/edctutorial-resources/providers/Microsoft.KeyVault/vaults/edctutorial-vault",
            "location": "westeurope",
            "name": "edctutorial-vault",
            "network_acls": [
              {
                "bypass": "AzureServices",
                "default_action": "Allow",
                "ip_rules": [],
                "virtual_network_subnet_ids": []
              }
            ],
            "purge_protection_enabled": false,
            "resource_group_name": "edctutorial-resources",
            "sku_name": "standard",
            "soft_delete_enabled": true,
            "soft_delete_retention_days": 7,
            "tags": {},
            "tenant_id": "1d9b26d0-b6ea-4495-97d3-e85ccf73a154",
            "timeouts": null,
            "vault_uri": "https://edctutorial-vault.vault.azure.net/"
          },
          "sensitive_attributes": [],
          "private": "eyJlMmJmYjczMC1lY2FhLTExZTYtOGY4OC0zNDM2M2JjN2M0YzAiOnsiY3JlYXRlIjoxODAwMDAwMDAwMDAwLCJkZWxldGUiOjE4MDAwMDAwMDAwMDAsInJlYWQiOjMwMDAwMDAwMDAwMCwidXBkYXRlIjoxODAwMDAwMDAwMDAwfSwic2NoZW1hX3ZlcnNpb24iOiIyIn0=",
          "dependencies": [
            "azurerm_resource_group.core-resourcegroup",
            "data.azurerm_client_config.current"
          ]
        }
      ]
    },
    {
      "mode": "managed",
      "type": "azurerm_key_vault_secret",
      "name": "aws-credentials",
      "provider": "provider[\"registry.terraform.io/hashicorp/azurerm\"]",
      "instances": [
        {
          "schema_version": 0,
          "attributes": {
            "content_type": "",
            "expiration_date": null,
            "id": "https://edctutorial-vault.vault.azure.net/secrets/aws-credentials/4fca4b7a6c024f71b82ac94b8d754683",
            "key_vault_id": "/subscriptions/5beb4845-6555-4390-9684-5dc59ab3d069/resourceGroups/edctutorial-resources/providers/Microsoft.KeyVault/vaults/edctutorial-vault",
            "name": "aws-credentials",
            "not_before_date": null,
            "tags": {},
            "timeouts": null,
            "value": "{\"accessKeyId\":\"AKIAY2XSTIMWH66EPR7X\",\"secretAccessKey\":\"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\"}",
            "version": "4fca4b7a6c024f71b82ac94b8d754683",
            "versionless_id": "https://edctutorial-vault.vault.azure.net/secrets/aws-credentials"
          },
          "sensitive_attributes": [
            [
              {
                "type": "get_attr",
                "value": "value"
              }
            ]
          ],
          "private": "eyJlMmJmYjczMC1lY2FhLTExZTYtOGY4OC0zNDM2M2JjN2M0YzAiOnsiY3JlYXRlIjoxODAwMDAwMDAwMDAwLCJkZWxldGUiOjE4MDAwMDAwMDAwMDAsInJlYWQiOjMwMDAwMDAwMDAwMCwidXBkYXRlIjoxODAwMDAwMDAwMDAwfX0=",
          "dependencies": [
            "aws_iam_access_key.access_key",
            "aws_iam_user.user",
            "azurerm_key_vault.main-vault",
            "azurerm_resource_group.core-resourcegroup",
            "azurerm_role_assignment.current-user",
            "data.azurerm_client_config.current"
          ]
        }
      ]
    },
    {
      "mode": "managed",
      "type": "azurerm_key_vault_secret",
      "name": "aws-keyid",
      "provider": "provider[\"registry.terraform.io/hashicorp/azurerm\"]",
      "instances": [
        {
          "schema_version": 0,
          "attributes": {
            "content_type": "",
            "expiration_date": null,
            "id": "https://edctutorial-vault.vault.azure.net/secrets/dataspaceconnector-aws-access-key/71f801aad7814f6b81acb065217018e7",
            "key_vault_id": "/subscriptions/5beb4845-6555-4390-9684-5dc59ab3d069/resourceGroups/edctutorial-resources/providers/Microsoft.KeyVault/vaults/edctutorial-vault",
            "name": "dataspaceconnector-aws-access-key",
            "not_before_date": null,
            "tags": {},
            "timeouts": null,
            "value": "AKIAY2XSTIMWH66EPR7X",
            "version": "71f801aad7814f6b81acb065217018e7",
            "versionless_id": "https://edctutorial-vault.vault.azure.net/secrets/dataspaceconnector-aws-access-key"
          },
          "sensitive_attributes": [],
          "private": "eyJlMmJmYjczMC1lY2FhLTExZTYtOGY4OC0zNDM2M2JjN2M0YzAiOnsiY3JlYXRlIjoxODAwMDAwMDAwMDAwLCJkZWxldGUiOjE4MDAwMDAwMDAwMDAsInJlYWQiOjMwMDAwMDAwMDAwMCwidXBkYXRlIjoxODAwMDAwMDAwMDAwfX0=",
          "dependencies": [
            "aws_iam_access_key.access_key",
            "aws_iam_user.user",
            "azurerm_key_vault.main-vault",
            "azurerm_resource_group.core-resourcegroup",
            "azurerm_role_assignment.current-user",
            "data.azurerm_client_config.current"
          ]
        }
      ]
    },
    {
      "mode": "managed",
      "type": "azurerm_key_vault_secret",
      "name": "aws-secret",
      "provider": "provider[\"registry.terraform.io/hashicorp/azurerm\"]",
      "instances": [
        {
          "schema_version": 0,
          "attributes": {
            "content_type": "",
            "expiration_date": null,
            "id": "https://edctutorial-vault.vault.azure.net/secrets/dataspaceconnector-aws-secret-access-key/1aeed221b88848ae82da6f6a5724a854",
            "key_vault_id": "/subscriptions/5beb4845-6555-4390-9684-5dc59ab3d069/resourceGroups/edctutorial-resources/providers/Microsoft.KeyVault/vaults/edctutorial-vault",
            "name": "dataspaceconnector-aws-secret-access-key",
            "not_before_date": null,
            "tags": {},
            "timeouts": null,
            "value": "gX7lspsoJ8xc6ibZwx5Vz3FLoOhvnyt2PNPpHcCK",
            "version": "1aeed221b88848ae82da6f6a5724a854",
            "versionless_id": "https://edctutorial-vault.vault.azure.net/secrets/dataspaceconnector-aws-secret-access-key"
          },
          "sensitive_attributes": [
            [
              {
                "type": "get_attr",
                "value": "value"
              }
            ]
          ],
          "private": "eyJlMmJmYjczMC1lY2FhLTExZTYtOGY4OC0zNDM2M2JjN2M0YzAiOnsiY3JlYXRlIjoxODAwMDAwMDAwMDAwLCJkZWxldGUiOjE4MDAwMDAwMDAwMDAsInJlYWQiOjMwMDAwMDAwMDAwMCwidXBkYXRlIjoxODAwMDAwMDAwMDAwfX0=",
          "dependencies": [
            "azurerm_role_assignment.current-user",
            "data.azurerm_client_config.current",
            "aws_iam_access_key.access_key",
            "aws_iam_user.user",
            "azurerm_key_vault.main-vault",
            "azurerm_resource_group.core-resourcegroup"
          ]
        }
      ]
    },
    {
      "mode": "managed",
      "type": "azurerm_key_vault_secret",
      "name": "blobstorekey",
      "provider": "provider[\"registry.terraform.io/hashicorp/azurerm\"]",
      "instances": [
        {
          "schema_version": 0,
          "attributes": {
            "content_type": "",
            "expiration_date": null,
            "id": "https://edctutorial-vault.vault.azure.net/secrets/edctutorialstorage-key1/bd3da28722714dfab6e79b019e56cd8d",
            "key_vault_id": "/subscriptions/5beb4845-6555-4390-9684-5dc59ab3d069/resourceGroups/edctutorial-resources/providers/Microsoft.KeyVault/vaults/edctutorial-vault",
            "name": "edctutorialstorage-key1",
            "not_before_date": null,
            "tags": {},
            "timeouts": null,
            "value": "8qIrzGATYRgiSI3MczrhTFJLGa9vvO4Y/I1BBmZNb09nllxdwjnJSw450RCeBt5b7txAZKNzkDbQz4RQFd0xpA==",
            "version": "bd3da28722714dfab6e79b019e56cd8d",
            "versionless_id": "https://edctutorial-vault.vault.azure.net/secrets/edctutorialstorage-key1"
          },
          "sensitive_attributes": [
            [
              {
                "type": "get_attr",
                "value": "value"
              }
            ]
          ],
          "private": "eyJlMmJmYjczMC1lY2FhLTExZTYtOGY4OC0zNDM2M2JjN2M0YzAiOnsiY3JlYXRlIjoxODAwMDAwMDAwMDAwLCJkZWxldGUiOjE4MDAwMDAwMDAwMDAsInJlYWQiOjMwMDAwMDAwMDAwMCwidXBkYXRlIjoxODAwMDAwMDAwMDAwfX0=",
          "dependencies": [
            "azurerm_role_assignment.current-user",
            "azurerm_storage_account.main-blobstore",
            "data.azurerm_client_config.current",
            "azurerm_key_vault.main-vault",
            "azurerm_resource_group.core-resourcegroup"
          ]
        }
      ]
    },
    {
      "mode": "managed",
      "type": "azurerm_resource_group",
      "name": "core-resourcegroup",
      "provider": "provider[\"registry.terraform.io/hashicorp/azurerm\"]",
      "instances": [
        {
          "schema_version": 0,
          "attributes": {
            "id": "/subscriptions/5beb4845-6555-4390-9684-5dc59ab3d069/resourceGroups/edctutorial-resources",
            "location": "westeurope",
            "name": "edctutorial-resources",
            "tags": {
              "Environment": "EDC"
            },
            "timeouts": null
          },
          "sensitive_attributes": [],
          "private": "eyJlMmJmYjczMC1lY2FhLTExZTYtOGY4OC0zNDM2M2JjN2M0YzAiOnsiY3JlYXRlIjo1NDAwMDAwMDAwMDAwLCJkZWxldGUiOjU0MDAwMDAwMDAwMDAsInJlYWQiOjMwMDAwMDAwMDAwMCwidXBkYXRlIjo1NDAwMDAwMDAwMDAwfX0="
        }
      ]
    },
    {
      "mode": "managed",
      "type": "azurerm_role_assignment",
      "name": "current-user",
      "provider": "provider[\"registry.terraform.io/hashicorp/azurerm\"]",
      "instances": [
        {
          "schema_version": 0,
          "attributes": {
            "condition": "",
            "condition_version": "",
            "delegated_managed_identity_resource_id": "",
            "description": "",
            "id": "/subscriptions/5beb4845-6555-4390-9684-5dc59ab3d069/resourceGroups/edctutorial-resources/providers/Microsoft.KeyVault/vaults/edctutorial-vault/providers/Microsoft.Authorization/roleAssignments/3b760116-5a4e-f2b4-e0b8-5cc516723f66",
            "name": "3b760116-5a4e-f2b4-e0b8-5cc516723f66",
            "principal_id": "d315cbc4-c9d3-4146-b0b7-0c7f08bc7c04",
            "principal_type": "ServicePrincipal",
            "role_definition_id": "/subscriptions/5beb4845-6555-4390-9684-5dc59ab3d069/providers/Microsoft.Authorization/roleDefinitions/b86a8fe4-44ce-4948-aee5-eccb2c155cd7",
            "role_definition_name": "Key Vault Secrets Officer",
            "scope": "/subscriptions/5beb4845-6555-4390-9684-5dc59ab3d069/resourceGroups/edctutorial-resources/providers/Microsoft.KeyVault/vaults/edctutorial-vault",
            "skip_service_principal_aad_check": null,
            "timeouts": null
          },
          "sensitive_attributes": [],
          "private": "eyJlMmJmYjczMC1lY2FhLTExZTYtOGY4OC0zNDM2M2JjN2M0YzAiOnsiY3JlYXRlIjoxODAwMDAwMDAwMDAwLCJkZWxldGUiOjE4MDAwMDAwMDAwMDAsInJlYWQiOjMwMDAwMDAwMDAwMCwidXBkYXRlIjoxODAwMDAwMDAwMDAwfX0=",
          "dependencies": [
            "azurerm_key_vault.main-vault",
            "azurerm_resource_group.core-resourcegroup",
            "data.azurerm_client_config.current"
          ]
        }
      ]
    },
    {
      "mode": "managed",
      "type": "azurerm_role_assignment",
      "name": "primary-id",
      "provider": "provider[\"registry.terraform.io/hashicorp/azurerm\"]",
      "instances": [
        {
          "schema_version": 0,
          "attributes": {
            "condition": "",
            "condition_version": "",
            "delegated_managed_identity_resource_id": "",
            "description": "",
            "id": "/subscriptions/5beb4845-6555-4390-9684-5dc59ab3d069/resourceGroups/edctutorial-resources/providers/Microsoft.KeyVault/vaults/edctutorial-vault/providers/Microsoft.Authorization/roleAssignments/72cd8484-3bcb-f536-1f11-03b77c1f2024",
            "name": "72cd8484-3bcb-f536-1f11-03b77c1f2024",
            "principal_id": "6f24c63d-0853-463b-8ed5-e1ffa54f8283",
            "principal_type": "ServicePrincipal",
            "role_definition_id": "/subscriptions/5beb4845-6555-4390-9684-5dc59ab3d069/providers/Microsoft.Authorization/roleDefinitions/b86a8fe4-44ce-4948-aee5-eccb2c155cd7",
            "role_definition_name": "Key Vault Secrets Officer",
            "scope": "/subscriptions/5beb4845-6555-4390-9684-5dc59ab3d069/resourceGroups/edctutorial-resources/providers/Microsoft.KeyVault/vaults/edctutorial-vault",
            "skip_service_principal_aad_check": null,
            "timeouts": null
          },
          "sensitive_attributes": [],
          "private": "eyJlMmJmYjczMC1lY2FhLTExZTYtOGY4OC0zNDM2M2JjN2M0YzAiOnsiY3JlYXRlIjoxODAwMDAwMDAwMDAwLCJkZWxldGUiOjE4MDAwMDAwMDAwMDAsInJlYWQiOjMwMDAwMDAwMDAwMCwidXBkYXRlIjoxODAwMDAwMDAwMDAwfX0=",
          "dependencies": [
            "azuread_application.demo-app-id",
            "azuread_service_principal.main-app-sp",
            "azurerm_key_vault.main-vault",
            "azurerm_resource_group.core-resourcegroup",
            "data.azurerm_client_config.current"
          ]
        }
      ]
    },
    {
      "mode": "managed",
      "type": "azurerm_storage_account",
      "name": "main-blobstore",
      "provider": "provider[\"registry.terraform.io/hashicorp/azurerm\"]",
      "instances": [
        {
          "schema_version": 2,
          "attributes": {
            "access_tier": "Hot",
            "account_kind": "StorageV2",
            "account_replication_type": "GRS",
            "account_tier": "Standard",
            "allow_blob_public_access": false,
            "azure_files_authentication": [],
            "blob_properties": [
              {
                "change_feed_enabled": false,
                "container_delete_retention_policy": [],
                "cors_rule": [],
                "default_service_version": "",
                "delete_retention_policy": [],
                "last_access_time_enabled": false,
                "versioning_enabled": false
              }
            ],
            "custom_domain": [],
            "enable_https_traffic_only": true,
            "id": "/subscriptions/5beb4845-6555-4390-9684-5dc59ab3d069/resourceGroups/edctutorial-resources/providers/Microsoft.Storage/storageAccounts/edctutorialstorage",
            "identity": [],
            "is_hns_enabled": false,
            "large_file_share_enabled": null,
            "location": "westeurope",
            "min_tls_version": "TLS1_0",
            "name": "edctutorialstorage",
            "network_rules": [
              {
                "bypass": [
                  "AzureServices"
                ],
                "default_action": "Allow",
                "ip_rules": [],
                "private_link_access": [],
                "virtual_network_subnet_ids": []
              }
            ],
            "nfsv3_enabled": false,
            "primary_access_key": "8qIrzGATYRgiSI3MczrhTFJLGa9vvO4Y/I1BBmZNb09nllxdwjnJSw450RCeBt5b7txAZKNzkDbQz4RQFd0xpA==",
            "primary_blob_connection_string": "DefaultEndpointsProtocol=https;BlobEndpoint=https://edctutorialstorage.blob.core.windows.net/;AccountName=edctutorialstorage;AccountKey=8qIrzGATYRgiSI3MczrhTFJLGa9vvO4Y/I1BBmZNb09nllxdwjnJSw450RCeBt5b7txAZKNzkDbQz4RQFd0xpA==",
            "primary_blob_endpoint": "https://edctutorialstorage.blob.core.windows.net/",
            "primary_blob_host": "edctutorialstorage.blob.core.windows.net",
            "primary_connection_string": "DefaultEndpointsProtocol=https;AccountName=edctutorialstorage;AccountKey=8qIrzGATYRgiSI3MczrhTFJLGa9vvO4Y/I1BBmZNb09nllxdwjnJSw450RCeBt5b7txAZKNzkDbQz4RQFd0xpA==;EndpointSuffix=core.windows.net",
            "primary_dfs_endpoint": "https://edctutorialstorage.dfs.core.windows.net/",
            "primary_dfs_host": "edctutorialstorage.dfs.core.windows.net",
            "primary_file_endpoint": "https://edctutorialstorage.file.core.windows.net/",
            "primary_file_host": "edctutorialstorage.file.core.windows.net",
            "primary_location": "westeurope",
            "primary_queue_endpoint": "https://edctutorialstorage.queue.core.windows.net/",
            "primary_queue_host": "edctutorialstorage.queue.core.windows.net",
            "primary_table_endpoint": "https://edctutorialstorage.table.core.windows.net/",
            "primary_table_host": "edctutorialstorage.table.core.windows.net",
            "primary_web_endpoint": "https://edctutorialstorage.z6.web.core.windows.net/",
            "primary_web_host": "edctutorialstorage.z6.web.core.windows.net",
            "queue_properties": [
              {
                "cors_rule": [],
                "hour_metrics": [
                  {
                    "enabled": true,
                    "include_apis": true,
                    "retention_policy_days": 7,
                    "version": "1.0"
                  }
                ],
                "logging": [
                  {
                    "delete": false,
                    "read": false,
                    "retention_policy_days": 0,
                    "version": "1.0",
                    "write": false
                  }
                ],
                "minute_metrics": [
                  {
                    "enabled": false,
                    "include_apis": false,
                    "retention_policy_days": 0,
                    "version": "1.0"
                  }
                ]
              }
            ],
            "resource_group_name": "edctutorial-resources",
            "routing": [],
            "secondary_access_key": "lq3Gk7U0M6+HAO+6vg8M91pq/GqVAuc5eAZsh8teXB6THVWuwvMblqknm7hPeRHxLm82NHiTYU8puENJrA3jyw==",
            "secondary_blob_connection_string": "",
            "secondary_blob_endpoint": null,
            "secondary_blob_host": null,
            "secondary_connection_string": "DefaultEndpointsProtocol=https;AccountName=edctutorialstorage;AccountKey=lq3Gk7U0M6+HAO+6vg8M91pq/GqVAuc5eAZsh8teXB6THVWuwvMblqknm7hPeRHxLm82NHiTYU8puENJrA3jyw==;EndpointSuffix=core.windows.net",
            "secondary_dfs_endpoint": null,
            "secondary_dfs_host": null,
            "secondary_file_endpoint": null,
            "secondary_file_host": null,
            "secondary_location": "northeurope",
            "secondary_queue_endpoint": null,
            "secondary_queue_host": null,
            "secondary_table_endpoint": null,
            "secondary_table_host": null,
            "secondary_web_endpoint": null,
            "secondary_web_host": null,
            "share_properties": [
              {
                "cors_rule": [],
                "retention_policy": [
                  {
                    "days": 7
                  }
                ],
                "smb": []
              }
            ],
            "shared_access_key_enabled": true,
            "static_website": [],
            "tags": {},
            "timeouts": null
          },
          "sensitive_attributes": [],
          "private": "eyJlMmJmYjczMC1lY2FhLTExZTYtOGY4OC0zNDM2M2JjN2M0YzAiOnsiY3JlYXRlIjozNjAwMDAwMDAwMDAwLCJkZWxldGUiOjM2MDAwMDAwMDAwMDAsInJlYWQiOjMwMDAwMDAwMDAwMCwidXBkYXRlIjozNjAwMDAwMDAwMDAwfSwic2NoZW1hX3ZlcnNpb24iOiIyIn0=",
          "dependencies": [
            "azurerm_resource_group.core-resourcegroup"
          ]
        }
      ]
    },
    {
      "mode": "managed",
      "type": "azurerm_storage_container",
      "name": "main-blob-container",
      "provider": "provider[\"registry.terraform.io/hashicorp/azurerm\"]",
      "instances": [
        {
          "schema_version": 1,
          "attributes": {
            "container_access_type": "private",
            "has_immutability_policy": false,
            "has_legal_hold": false,
            "id": "https://edctutorialstorage.blob.core.windows.net/src-container",
            "metadata": {},
            "name": "src-container",
            "resource_manager_id": "/subscriptions/5beb4845-6555-4390-9684-5dc59ab3d069/resourceGroups/edctutorial-resources/providers/Microsoft.Storage/storageAccounts/edctutorialstorage/blobServices/default/containers/src-container",
            "storage_account_name": "edctutorialstorage",
            "timeouts": null
          },
          "sensitive_attributes": [],
          "private": "eyJlMmJmYjczMC1lY2FhLTExZTYtOGY4OC0zNDM2M2JjN2M0YzAiOnsiY3JlYXRlIjoxODAwMDAwMDAwMDAwLCJkZWxldGUiOjE4MDAwMDAwMDAwMDAsInJlYWQiOjMwMDAwMDAwMDAwMCwidXBkYXRlIjoxODAwMDAwMDAwMDAwfSwic2NoZW1hX3ZlcnNpb24iOiIxIn0=",
          "dependencies": [
            "azurerm_resource_group.core-resourcegroup",
            "azurerm_storage_account.main-blobstore"
          ]
        }
      ]
    }
  ]
}
